
Microsoft Visual Studio Solution File, Format Version 12.00
# Visual Studio Version 17
VisualStudioVersion = 17.2.32526.322
MinimumVisualStudioVersion = 10.0.40219.1
Project("{FAE04EC0-301F-11D3-BF4B-00C04F79EFBC}") = "Present_Layer", "Present_Layer\Present_Layer.csproj", "{49EF6042-1D69-48A6-867F-52E7096291EB}"
EndProject
Project("{FAE04EC0-301F-11D3-BF4B-00C04F79EFBC}") = "Logic_Layer", "ClassLibrary1\Logic_Layer.csproj", "{5A86A46F-C842-4DED-90D9-DA64FF2CFD89}"
EndProject
Global
	GlobalSection(SolutionConfigurationPlatforms) = preSolution
		Debug|Any CPU = Debug|Any CPU
		Release|Any CPU = Release|Any CPU
	EndGlobalSection
	GlobalSection(ProjectConfigurationPlatforms) = postSolution
		{49EF6042-1D69-48A6-867F-52E7096291EB}.Debug|Any CPU.ActiveCfg = Debug|Any CPU
		{49EF6042-1D69-48A6-867F-52E7096291EB}.Debug|Any CPU.Build.0 = Debug|Any CPU
		{49EF6042-1D69-48A6-867F-52E7096291EB}.Release|Any CPU.ActiveCfg = Release|Any CPU
		{49EF6042-1D69-48A6-867F-52E7096291EB}.Release|Any CPU.Build.0 = Release|Any CPU
		{5A86A46F-C842-4DED-90D9-DA64FF2CFD89}.Debug|Any CPU.ActiveCfg = Debug|Any CPU
		{5A86A46F-C842-4DED-90D9-DA64FF2CFD89}.Debug|Any CPU.Build.0 = Debug|Any CPU
		{5A86A46F-C842-4DED-90D9-DA64FF2CFD89}.Release|Any CPU.ActiveCfg = Release|Any CPU
		{5A86A46F-C842-4DED-90D9-DA64FF2CFD89}.Release|Any CPU.Build.0 = Release|Any CPU
	EndGlobalSection
	GlobalSection(SolutionProperties) = preSolution
		HideSolutionNode = FALSE
	EndGlobalSection
	GlobalSection(ExtensibilityGlobals) = postSolution
		SolutionGuid = {42746D61-94A3-4A44-86BF-7A4DD228491F}
	EndGlobalSection
EndGlobal
